
Microsoft Visual Studio Solution File, Format Version 12.00
# Visual Studio Version 16
VisualStudioVersion = 16.0.31727.386
MinimumVisualStudioVersion = 10.0.40219.1
Project("{2150E333-8FDC-42A3-9474-1A3956D46DE8}") = "Source", "Source", "{13341E18-16BC-4BB5-A4DA-D2B43B1B8642}"
EndProject
Project("{2150E333-8FDC-42A3-9474-1A3956D46DE8}") = "WebApi", "WebApi", "{A934C7DD-EB78-4815-954F-75F5598F970D}"
EndProject
Project("{9A19103F-16F7-4668-BE54-9A1E7A4F7556}") = "Shape.WeatherForecast.WebApi", "Shape.WeatherForecast.WebApi\Shape.WeatherForecast.WebApi.csproj", "{6407A188-5A1E-4CE3-958D-38DAEAD9A8D8}"
EndProject
Project("{2150E333-8FDC-42A3-9474-1A3956D46DE8}") = "Core", "Core", "{CB7F882C-A029-4C46-8600-6B07E61DFA65}"
EndProject
Project("{9A19103F-16F7-4668-BE54-9A1E7A4F7556}") = "Shape.WeatherForecast.Application", "Shape.WeatherForecast.Application\Shape.WeatherForecast.Application.csproj", "{6C7DB942-7D7B-4EEC-9A74-E464C7F2BF61}"
EndProject
Project("{2150E333-8FDC-42A3-9474-1A3956D46DE8}") = "Infrastructure", "Infrastructure", "{421AF28E-9AE6-47A3-B305-B50E7B11A3F6}"
EndProject
Project("{9A19103F-16F7-4668-BE54-9A1E7A4F7556}") = "Shape.WeatherForecast.Infrastructure.Shared", "Shape.WeatherForecast.Infrastructure.Shared\Shape.WeatherForecast.Infrastructure.Shared.csproj", "{BA4F7CB7-2F78-4F9F-B120-080A5B7A005E}"
EndProject
Project("{2150E333-8FDC-42A3-9474-1A3956D46DE8}") = "Business", "Business", "{32BFF0A1-07D3-4538-A293-2342A9DFA0FF}"
EndProject
Project("{FAE04EC0-301F-11D3-BF4B-00C04F79EFBC}") = "Shape.WeatherForecast.Business", "Shape.WeatherForecast.Business\Shape.WeatherForecast.Business.csproj", "{7789F0C5-2EC0-415A-9AF2-C135E653BF1C}"
EndProject
Project("{FAE04EC0-301F-11D3-BF4B-00C04F79EFBC}") = "Shape.WeatherForecast.Core", "Shape.WeatherForecast.Core\Shape.WeatherForecast.Core.csproj", "{F50730BC-10D9-4490-B650-C88A917B4AF0}"
EndProject
Global
	GlobalSection(SolutionConfigurationPlatforms) = preSolution
		Debug|Any CPU = Debug|Any CPU
		Release|Any CPU = Release|Any CPU
	EndGlobalSection
	GlobalSection(ProjectConfigurationPlatforms) = postSolution
		{6407A188-5A1E-4CE3-958D-38DAEAD9A8D8}.Debug|Any CPU.ActiveCfg = Debug|Any CPU
		{6407A188-5A1E-4CE3-958D-38DAEAD9A8D8}.Debug|Any CPU.Build.0 = Debug|Any CPU
		{6407A188-5A1E-4CE3-958D-38DAEAD9A8D8}.Release|Any CPU.ActiveCfg = Release|Any CPU
		{6407A188-5A1E-4CE3-958D-38DAEAD9A8D8}.Release|Any CPU.Build.0 = Release|Any CPU
		{6C7DB942-7D7B-4EEC-9A74-E464C7F2BF61}.Debug|Any CPU.ActiveCfg = Debug|Any CPU
		{6C7DB942-7D7B-4EEC-9A74-E464C7F2BF61}.Debug|Any CPU.Build.0 = Debug|Any CPU
		{6C7DB942-7D7B-4EEC-9A74-E464C7F2BF61}.Release|Any CPU.ActiveCfg = Release|Any CPU
		{6C7DB942-7D7B-4EEC-9A74-E464C7F2BF61}.Release|Any CPU.Build.0 = Release|Any CPU
		{BA4F7CB7-2F78-4F9F-B120-080A5B7A005E}.Debug|Any CPU.ActiveCfg = Debug|Any CPU
		{BA4F7CB7-2F78-4F9F-B120-080A5B7A005E}.Debug|Any CPU.Build.0 = Debug|Any CPU
		{BA4F7CB7-2F78-4F9F-B120-080A5B7A005E}.Release|Any CPU.ActiveCfg = Release|Any CPU
		{BA4F7CB7-2F78-4F9F-B120-080A5B7A005E}.Release|Any CPU.Build.0 = Release|Any CPU
		{7789F0C5-2EC0-415A-9AF2-C135E653BF1C}.Debug|Any CPU.ActiveCfg = Debug|Any CPU
		{7789F0C5-2EC0-415A-9AF2-C135E653BF1C}.Debug|Any CPU.Build.0 = Debug|Any CPU
		{7789F0C5-2EC0-415A-9AF2-C135E653BF1C}.Release|Any CPU.ActiveCfg = Release|Any CPU
		{7789F0C5-2EC0-415A-9AF2-C135E653BF1C}.Release|Any CPU.Build.0 = Release|Any CPU
		{F50730BC-10D9-4490-B650-C88A917B4AF0}.Debug|Any CPU.ActiveCfg = Debug|Any CPU
		{F50730BC-10D9-4490-B650-C88A917B4AF0}.Debug|Any CPU.Build.0 = Debug|Any CPU
		{F50730BC-10D9-4490-B650-C88A917B4AF0}.Release|Any CPU.ActiveCfg = Release|Any CPU
		{F50730BC-10D9-4490-B650-C88A917B4AF0}.Release|Any CPU.Build.0 = Release|Any CPU
	EndGlobalSection
	GlobalSection(SolutionProperties) = preSolution
		HideSolutionNode = FALSE
	EndGlobalSection
	GlobalSection(NestedProjects) = preSolution
		{A934C7DD-EB78-4815-954F-75F5598F970D} = {13341E18-16BC-4BB5-A4DA-D2B43B1B8642}
		{6407A188-5A1E-4CE3-958D-38DAEAD9A8D8} = {A934C7DD-EB78-4815-954F-75F5598F970D}
		{CB7F882C-A029-4C46-8600-6B07E61DFA65} = {13341E18-16BC-4BB5-A4DA-D2B43B1B8642}
		{6C7DB942-7D7B-4EEC-9A74-E464C7F2BF61} = {CB7F882C-A029-4C46-8600-6B07E61DFA65}
		{421AF28E-9AE6-47A3-B305-B50E7B11A3F6} = {13341E18-16BC-4BB5-A4DA-D2B43B1B8642}
		{BA4F7CB7-2F78-4F9F-B120-080A5B7A005E} = {421AF28E-9AE6-47A3-B305-B50E7B11A3F6}
		{32BFF0A1-07D3-4538-A293-2342A9DFA0FF} = {13341E18-16BC-4BB5-A4DA-D2B43B1B8642}
		{7789F0C5-2EC0-415A-9AF2-C135E653BF1C} = {32BFF0A1-07D3-4538-A293-2342A9DFA0FF}
		{F50730BC-10D9-4490-B650-C88A917B4AF0} = {CB7F882C-A029-4C46-8600-6B07E61DFA65}
	EndGlobalSection
	GlobalSection(ExtensibilityGlobals) = postSolution
		SolutionGuid = {7DD552C4-B53B-4304-B0CA-97E22AF017A5}
	EndGlobalSection
EndGlobal
